
Microsoft Visual Studio Solution File, Format Version 12.00
# Visual Studio 2017
Project("{FAE04EC0-301F-11D3-BF4B-00C04F79EFBC}") = "MapEditorVR", "MapEditorVR.csproj", "{27AA5160-0D0C-CE78-A35D-93E256EDFA84}"
EndProject
Project("{FAE04EC0-301F-11D3-BF4B-00C04F79EFBC}") = "MapEditorVR.Editor", "MapEditorVR.Editor.csproj", "{0D19CB60-3EA9-354F-3497-3E8E8ECCB423}"
EndProject
Global
	GlobalSection(SolutionConfigurationPlatforms) = preSolution
		Debug|Any CPU = Debug|Any CPU
		Release|Any CPU = Release|Any CPU
	EndGlobalSection
	GlobalSection(ProjectConfigurationPlatforms) = postSolution
		{27AA5160-0D0C-CE78-A35D-93E256EDFA84}.Debug|Any CPU.ActiveCfg = Debug|Any CPU
		{27AA5160-0D0C-CE78-A35D-93E256EDFA84}.Debug|Any CPU.Build.0 = Debug|Any CPU
		{27AA5160-0D0C-CE78-A35D-93E256EDFA84}.Release|Any CPU.ActiveCfg = Release|Any CPU
		{27AA5160-0D0C-CE78-A35D-93E256EDFA84}.Release|Any CPU.Build.0 = Release|Any CPU
		{0D19CB60-3EA9-354F-3497-3E8E8ECCB423}.Debug|Any CPU.ActiveCfg = Debug|Any CPU
		{0D19CB60-3EA9-354F-3497-3E8E8ECCB423}.Debug|Any CPU.Build.0 = Debug|Any CPU
		{0D19CB60-3EA9-354F-3497-3E8E8ECCB423}.Release|Any CPU.ActiveCfg = Release|Any CPU
		{0D19CB60-3EA9-354F-3497-3E8E8ECCB423}.Release|Any CPU.Build.0 = Release|Any CPU
	EndGlobalSection
	GlobalSection(SolutionProperties) = preSolution
		HideSolutionNode = FALSE
	EndGlobalSection
EndGlobal
